
Microsoft Visual Studio Solution File, Format Version 12.00
# Visual Studio Version 17
VisualStudioVersion = 17.7.34031.279
MinimumVisualStudioVersion = 10.0.40219.1
Project("{FAE04EC0-301F-11D3-BF4B-00C04F79EFBC}") = "EcommerceAPI", "EcommerceAPI.csproj", "{B6C5F4CB-A30A-41B4-AC33-61CD3EA113FF}"
EndProject
Global
	GlobalSection(SolutionConfigurationPlatforms) = preSolution
		Debug|Any CPU = Debug|Any CPU
		Release|Any CPU = Release|Any CPU
	EndGlobalSection
	GlobalSection(ProjectConfigurationPlatforms) = postSolution
		{B6C5F4CB-A30A-41B4-AC33-61CD3EA113FF}.Debug|Any CPU.ActiveCfg = Debug|Any CPU
		{B6C5F4CB-A30A-41B4-AC33-61CD3EA113FF}.Debug|Any CPU.Build.0 = Debug|Any CPU
		{B6C5F4CB-A30A-41B4-AC33-61CD3EA113FF}.Release|Any CPU.ActiveCfg = Release|Any CPU
		{B6C5F4CB-A30A-41B4-AC33-61CD3EA113FF}.Release|Any CPU.Build.0 = Release|Any CPU
	EndGlobalSection
	GlobalSection(SolutionProperties) = preSolution
		HideSolutionNode = FALSE
	EndGlobalSection
	GlobalSection(ExtensibilityGlobals) = postSolution
		SolutionGuid = {4E61DFF5-1957-4E6F-BFD5-666454D3AA65}
	EndGlobalSection
EndGlobal
